
Microsoft Visual Studio Solution File, Format Version 12.00
# Visual Studio 15
VisualStudioVersion = 15.0.28307.1622
MinimumVisualStudioVersion = 10.0.40219.1
Project("{FAE04EC0-301F-11D3-BF4B-00C04F79EFBC}") = "Sitem", "Sitem\Sitem.csproj", "{AEABD36A-F2E7-4A4E-9D9B-BB5282F0EAC4}"
EndProject
Global
	GlobalSection(SolutionConfigurationPlatforms) = preSolution
		Debug|Any CPU = Debug|Any CPU
		Release|Any CPU = Release|Any CPU
	EndGlobalSection
	GlobalSection(ProjectConfigurationPlatforms) = postSolution
		{AEABD36A-F2E7-4A4E-9D9B-BB5282F0EAC4}.Debug|Any CPU.ActiveCfg = Debug|Any CPU
		{AEABD36A-F2E7-4A4E-9D9B-BB5282F0EAC4}.Debug|Any CPU.Build.0 = Debug|Any CPU
		{AEABD36A-F2E7-4A4E-9D9B-BB5282F0EAC4}.Release|Any CPU.ActiveCfg = Release|Any CPU
		{AEABD36A-F2E7-4A4E-9D9B-BB5282F0EAC4}.Release|Any CPU.Build.0 = Release|Any CPU
	EndGlobalSection
	GlobalSection(SolutionProperties) = preSolution
		HideSolutionNode = FALSE
	EndGlobalSection
	GlobalSection(ExtensibilityGlobals) = postSolution
		SolutionGuid = {D1FB50E6-23FA-4A20-B097-5DA6EC27A6FE}
	EndGlobalSection
EndGlobal
